
Microsoft Visual Studio Solution File, Format Version 12.00
# Visual Studio Version 17
VisualStudioVersion = 17.0.32112.339
MinimumVisualStudioVersion = 10.0.40219.1
Project("{8BC9CEB8-8B4A-11D0-8D11-00A0C91BC942}") = "Algorithm_1112", "Algorithm_1112.vcxproj", "{08065BE0-D944-45CF-BEE7-DED380E52D6B}"
EndProject
Global
	GlobalSection(SolutionConfigurationPlatforms) = preSolution
		Debug|x64 = Debug|x64
		Debug|x86 = Debug|x86
		Release|x64 = Release|x64
		Release|x86 = Release|x86
	EndGlobalSection
	GlobalSection(ProjectConfigurationPlatforms) = postSolution
		{08065BE0-D944-45CF-BEE7-DED380E52D6B}.Debug|x64.ActiveCfg = Debug|x64
		{08065BE0-D944-45CF-BEE7-DED380E52D6B}.Debug|x64.Build.0 = Debug|x64
		{08065BE0-D944-45CF-BEE7-DED380E52D6B}.Debug|x86.ActiveCfg = Debug|Win32
		{08065BE0-D944-45CF-BEE7-DED380E52D6B}.Debug|x86.Build.0 = Debug|Win32
		{08065BE0-D944-45CF-BEE7-DED380E52D6B}.Release|x64.ActiveCfg = Release|x64
		{08065BE0-D944-45CF-BEE7-DED380E52D6B}.Release|x64.Build.0 = Release|x64
		{08065BE0-D944-45CF-BEE7-DED380E52D6B}.Release|x86.ActiveCfg = Release|Win32
		{08065BE0-D944-45CF-BEE7-DED380E52D6B}.Release|x86.Build.0 = Release|Win32
	EndGlobalSection
	GlobalSection(SolutionProperties) = preSolution
		HideSolutionNode = FALSE
	EndGlobalSection
	GlobalSection(ExtensibilityGlobals) = postSolution
		SolutionGuid = {78BCD282-F927-4F09-ACDF-FB3BFE1FA32E}
	EndGlobalSection
EndGlobal
